
Microsoft Visual Studio Solution File, Format Version 12.00
# Visual Studio 14
VisualStudioVersion = 14.0.25420.1
MinimumVisualStudioVersion = 10.0.40219.1
Project("{2150E333-8FDC-42A3-9474-1A3956D46DE8}") = "src", "src", "{4F60B381-D2DE-4212-A10A-23036F3BCACB}"
EndProject
Project("{2150E333-8FDC-42A3-9474-1A3956D46DE8}") = "test", "test", "{C09201F0-4DD0-42AE-A8CB-0CEB5C8F3458}"
EndProject
Project("{FAE04EC0-301F-11D3-BF4B-00C04F79EFBC}") = "Core", "Core\Core.csproj", "{2BE3C5C7-E84D-429F-98B5-FBB09BE12E3F}"
EndProject
Project("{FAE04EC0-301F-11D3-BF4B-00C04F79EFBC}") = "Core.Test", "Core.Test\Core.Test.csproj", "{C7C7C0C2-A0DA-4D1E-B0FD-D9045EFE83CC}"
EndProject
Project("{FAE04EC0-301F-11D3-BF4B-00C04F79EFBC}") = "Api", "Api\Api.csproj", "{E187C97E-9A2E-4D55-8D47-81C4E503B1F0}"
EndProject
Project("{FAE04EC0-301F-11D3-BF4B-00C04F79EFBC}") = "Api.Test", "Api.Test\Api.Test.csproj", "{4D4FA85A-C7DA-43FA-A6DE-354F7EAC2877}"
EndProject
Global
	GlobalSection(SolutionConfigurationPlatforms) = preSolution
		Debug|Any CPU = Debug|Any CPU
		Release|Any CPU = Release|Any CPU
	EndGlobalSection
	GlobalSection(ProjectConfigurationPlatforms) = postSolution
		{2BE3C5C7-E84D-429F-98B5-FBB09BE12E3F}.Debug|Any CPU.ActiveCfg = Debug|Any CPU
		{2BE3C5C7-E84D-429F-98B5-FBB09BE12E3F}.Debug|Any CPU.Build.0 = Debug|Any CPU
		{2BE3C5C7-E84D-429F-98B5-FBB09BE12E3F}.Release|Any CPU.ActiveCfg = Release|Any CPU
		{2BE3C5C7-E84D-429F-98B5-FBB09BE12E3F}.Release|Any CPU.Build.0 = Release|Any CPU
		{C7C7C0C2-A0DA-4D1E-B0FD-D9045EFE83CC}.Debug|Any CPU.ActiveCfg = Debug|Any CPU
		{C7C7C0C2-A0DA-4D1E-B0FD-D9045EFE83CC}.Debug|Any CPU.Build.0 = Debug|Any CPU
		{C7C7C0C2-A0DA-4D1E-B0FD-D9045EFE83CC}.Release|Any CPU.ActiveCfg = Release|Any CPU
		{C7C7C0C2-A0DA-4D1E-B0FD-D9045EFE83CC}.Release|Any CPU.Build.0 = Release|Any CPU
		{E187C97E-9A2E-4D55-8D47-81C4E503B1F0}.Debug|Any CPU.ActiveCfg = Debug|Any CPU
		{E187C97E-9A2E-4D55-8D47-81C4E503B1F0}.Debug|Any CPU.Build.0 = Debug|Any CPU
		{E187C97E-9A2E-4D55-8D47-81C4E503B1F0}.Release|Any CPU.ActiveCfg = Release|Any CPU
		{E187C97E-9A2E-4D55-8D47-81C4E503B1F0}.Release|Any CPU.Build.0 = Release|Any CPU
		{4D4FA85A-C7DA-43FA-A6DE-354F7EAC2877}.Debug|Any CPU.ActiveCfg = Debug|Any CPU
		{4D4FA85A-C7DA-43FA-A6DE-354F7EAC2877}.Debug|Any CPU.Build.0 = Debug|Any CPU
		{4D4FA85A-C7DA-43FA-A6DE-354F7EAC2877}.Release|Any CPU.ActiveCfg = Release|Any CPU
		{4D4FA85A-C7DA-43FA-A6DE-354F7EAC2877}.Release|Any CPU.Build.0 = Release|Any CPU
	EndGlobalSection
	GlobalSection(SolutionProperties) = preSolution
		HideSolutionNode = FALSE
	EndGlobalSection
	GlobalSection(NestedProjects) = preSolution
		{2BE3C5C7-E84D-429F-98B5-FBB09BE12E3F} = {4F60B381-D2DE-4212-A10A-23036F3BCACB}
		{C7C7C0C2-A0DA-4D1E-B0FD-D9045EFE83CC} = {C09201F0-4DD0-42AE-A8CB-0CEB5C8F3458}
		{E187C97E-9A2E-4D55-8D47-81C4E503B1F0} = {4F60B381-D2DE-4212-A10A-23036F3BCACB}
		{4D4FA85A-C7DA-43FA-A6DE-354F7EAC2877} = {C09201F0-4DD0-42AE-A8CB-0CEB5C8F3458}
	EndGlobalSection
EndGlobal
